
Microsoft Visual Studio Solution File, Format Version 12.00
# Visual Studio Version 17
VisualStudioVersion = 17.5.33424.131
MinimumVisualStudioVersion = 10.0.40219.1
Project("{FAE04EC0-301F-11D3-BF4B-00C04F79EFBC}") = "DSU-Grupp3", "DSU-Grupp3\DSU-Grupp3.csproj", "{F4150D17-3090-4042-903E-50136083607D}"
EndProject
Global
	GlobalSection(SolutionConfigurationPlatforms) = preSolution
		Debug|Any CPU = Debug|Any CPU
		Release|Any CPU = Release|Any CPU
	EndGlobalSection
	GlobalSection(ProjectConfigurationPlatforms) = postSolution
		{F4150D17-3090-4042-903E-50136083607D}.Debug|Any CPU.ActiveCfg = Debug|Any CPU
		{F4150D17-3090-4042-903E-50136083607D}.Debug|Any CPU.Build.0 = Debug|Any CPU
		{F4150D17-3090-4042-903E-50136083607D}.Release|Any CPU.ActiveCfg = Release|Any CPU
		{F4150D17-3090-4042-903E-50136083607D}.Release|Any CPU.Build.0 = Release|Any CPU
	EndGlobalSection
	GlobalSection(SolutionProperties) = preSolution
		HideSolutionNode = FALSE
	EndGlobalSection
	GlobalSection(ExtensibilityGlobals) = postSolution
		SolutionGuid = {B86B3A71-24DE-4C64-B284-2BA694CDB714}
	EndGlobalSection
EndGlobal
